// !$*UTF8*$!
{
	archiveVersion = 1;
	classes = {
	};
	objectVersion = 77;
	objects = {

/* Begin PBXContainerItemProxy section */
		CDED0EE92DEACF9D007318B7 /* PBXContainerItemProxy */ = {
			isa = PBXContainerItemProxy;
			containerPortal = CDED0ECB2DEACF9A007318B7 /* Project object */;
			proxyType = 1;
			remoteGlobalIDString = CDED0ED22DEACF9A007318B7;
			remoteInfo = LegacyARTour;
		};
		CDED0EF32DEACF9D007318B7 /* PBXContainerItemProxy */ = {
			isa = PBXContainerItemProxy;
			containerPortal = CDED0ECB2DEACF9A007318B7 /* Project object */;
			proxyType = 1;
			remoteGlobalIDString = CDED0ED22DEACF9A007318B7;
			remoteInfo = LegacyARTour;
		};
/* End PBXContainerItemProxy section */

/* Begin PBXFileReference section */
		CDED0ED32DEACF9A007318B7 /* LegacyARTour.app */ = {isa = PBXFileReference; explicitFileType = wrapper.application; includeInIndex = 0; path = LegacyARTour.app; sourceTree = BUILT_PRODUCTS_DIR; };
		CDED0EE82DEACF9D007318B7 /* LegacyARTourTests.xctest */ = {isa = PBXFileReference; explicitFileType = wrapper.cfbundle; includeInIndex = 0; path = LegacyARTourTests.xctest; sourceTree = BUILT_PRODUCTS_DIR; };
		CDED0EF22DEACF9D007318B7 /* LegacyARTourUITests.xctest */ = {isa = PBXFileReference; explicitFileType = wrapper.cfbundle; includeInIndex = 0; path = LegacyARTourUITests.xctest; sourceTree = BUILT_PRODUCTS_DIR; };
/* End PBXFileReference section */

/* Begin PBXFileSystemSynchronizedRootGroup section */
		CDED0ED52DEACF9A007318B7 /* LegacyARTour */ = {
			isa = PBXFileSystemSynchronizedRootGroup;
			path = LegacyARTour;
			sourceTree = "<group>";
		};
		CDED0EEB2DEACF9D007318B7 /* LegacyARTourTests */ = {
			isa = PBXFileSystemSynchronizedRootGroup;
			path = LegacyARTourTests;
			sourceTree = "<group>";
		};
		CDED0EF52DEACF9D007318B7 /* LegacyARTourUITests */ = {
			isa = PBXFileSystemSynchronizedRootGroup;
			path = LegacyARTourUITests;
			sourceTree = "<group>";
		};
/* End PBXFileSystemSynchronizedRootGroup section */

/* Begin PBXFrameworksBuildPhase section */
		CDED0ED02DEACF9A007318B7 /* Frameworks */ = {
			isa = PBXFrameworksBuildPhase;
			buildActionMask = 2147483647;
			files = (
			);
			runOnlyForDeploymentPostprocessing = 0;
		};
		CDED0EE52DEACF9D007318B7 /* Frameworks */ = {
			isa = PBXFrameworksBuildPhase;
			buildActionMask = 2147483647;
			files = (
			);
			runOnlyForDeploymentPostprocessing = 0;
		};
		CDED0EEF2DEACF9D007318B7 /* Frameworks */ = {
			isa = PBXFrameworksBuildPhase;
			buildActionMask = 2147483647;
			files = (
			);
			runOnlyForDeploymentPostprocessing = 0;
		};
/* End PBXFrameworksBuildPhase section */

/* Begin PBXGroup section */
		CDED0ECA2DEACF9A007318B7 = {
			isa = PBXGroup;
			children = (
				CDED0ED52DEACF9A007318B7 /* LegacyARTour */,
				CDED0EEB2DEACF9D007318B7 /* LegacyARTourTests */,
				CDED0EF52DEACF9D007318B7 /* LegacyARTourUITests */,
				CDED0ED42DEACF9A007318B7 /* Products */,
			);
			sourceTree = "<group>";
		};
		CDED0ED42DEACF9A007318B7 /* Products */ = {
			isa = PBXGroup;
			children = (
				CDED0ED32DEACF9A007318B7 /* LegacyARTour.app */,
				CDED0EE82DEACF9D007318B7 /* LegacyARTourTests.xctest */,
				CDED0EF22DEACF9D007318B7 /* LegacyARTourUITests.xctest */,
			);
			name = Products;
			sourceTree = "<group>";
		};
/* End PBXGroup section */

/* Begin PBXNativeTarget section */
		CDED0ED22DEACF9A007318B7 /* LegacyARTour */ = {
			isa = PBXNativeTarget;
			buildConfigurationList = CDED0EFC2DEACF9D007318B7 /* Build configuration list for PBXNativeTarget "LegacyARTour" */;
			buildPhases = (
				CDED0ECF2DEACF9A007318B7 /* Sources */,
				CDED0ED02DEACF9A007318B7 /* Frameworks */,
				CDED0ED12DEACF9A007318B7 /* Resources */,
			);
			buildRules = (
			);
			dependencies = (
			);
			fileSystemSynchronizedGroups = (
				CDED0ED52DEACF9A007318B7 /* LegacyARTour */,
			);
			name = LegacyARTour;
			packageProductDependencies = (
			);
			productName = LegacyARTour;
			productReference = CDED0ED32DEACF9A007318B7 /* LegacyARTour.app */;
			productType = "com.apple.product-type.application";
		};
		CDED0EE72DEACF9D007318B7 /* LegacyARTourTests */ = {
			isa = PBXNativeTarget;
			buildConfigurationList = CDED0EFF2DEACF9D007318B7 /* Build configuration list for PBXNativeTarget "LegacyARTourTests" */;
			buildPhases = (
				CDED0EE42DEACF9D007318B7 /* Sources */,
				CDED0EE52DEACF9D007318B7 /* Frameworks */,
				CDED0EE62DEACF9D007318B7 /* Resources */,
			);
			buildRules = (
			);
			dependencies = (
				CDED0EEA2DEACF9D007318B7 /* PBXTargetDependency */,
			);
			fileSystemSynchronizedGroups = (
				CDED0EEB2DEACF9D007318B7 /* LegacyARTourTests */,
			);
			name = LegacyARTourTests;
			packageProductDependencies = (
			);
			productName = LegacyARTourTests;
			productReference = CDED0EE82DEACF9D007318B7 /* LegacyARTourTests.xctest */;
			productType = "com.apple.product-type.bundle.unit-test";
		};
		CDED0EF12DEACF9D007318B7 /* LegacyARTourUITests */ = {
			isa = PBXNativeTarget;
			buildConfigurationList = CDED0F022DEACF9D007318B7 /* Build configuration list for PBXNativeTarget "LegacyARTourUITests" */;
			buildPhases = (
				CDED0EEE2DEACF9D007318B7 /* Sources */,
				CDED0EEF2DEACF9D007318B7 /* Frameworks */,
				CDED0EF02DEACF9D007318B7 /* Resources */,
			);
			buildRules = (
			);
			dependencies = (
				CDED0EF42DEACF9D007318B7 /* PBXTargetDependency */,
			);
			fileSystemSynchronizedGroups = (
				CDED0EF52DEACF9D007318B7 /* LegacyARTourUITests */,
			);
			name = LegacyARTourUITests;
			packageProductDependencies = (
			);
			productName = LegacyARTourUITests;
			productReference = CDED0EF22DEACF9D007318B7 /* LegacyARTourUITests.xctest */;
			productType = "com.apple.product-type.bundle.ui-testing";
		};
/* End PBXNativeTarget section */

/* Begin PBXProject section */
		CDED0ECB2DEACF9A007318B7 /* Project object */ = {
			isa = PBXProject;
			attributes = {
				BuildIndependentTargetsInParallel = 1;
				LastSwiftUpdateCheck = 1610;
				LastUpgradeCheck = 1610;
				TargetAttributes = {
					CDED0ED22DEACF9A007318B7 = {
						CreatedOnToolsVersion = 16.1;
					};
					CDED0EE72DEACF9D007318B7 = {
						CreatedOnToolsVersion = 16.1;
						TestTargetID = CDED0ED22DEACF9A007318B7;
					};
					CDED0EF12DEACF9D007318B7 = {
						CreatedOnToolsVersion = 16.1;
						TestTargetID = CDED0ED22DEACF9A007318B7;
					};
				};
			};
			buildConfigurationList = CDED0ECE2DEACF9A007318B7 /* Build configuration list for PBXProject "LegacyARTour" */;
			developmentRegion = en;
			hasScannedForEncodings = 0;
			knownRegions = (
				en,
				Base,
			);
			mainGroup = CDED0ECA2DEACF9A007318B7;
			minimizedProjectReferenceProxies = 1;
			preferredProjectObjectVersion = 77;
			productRefGroup = CDED0ED42DEACF9A007318B7 /* Products */;
			projectDirPath = "";
			projectRoot = "";
			targets = (
				CDED0ED22DEACF9A007318B7 /* LegacyARTour */,
				CDED0EE72DEACF9D007318B7 /* LegacyARTourTests */,
				CDED0EF12DEACF9D007318B7 /* LegacyARTourUITests */,
			);
		};
/* End PBXProject section */

/* Begin PBXResourcesBuildPhase section */
		CDED0ED12DEACF9A007318B7 /* Resources */ = {
			isa = PBXResourcesBuildPhase;
			buildActionMask = 2147483647;
			files = (
			);
			runOnlyForDeploymentPostprocessing = 0;
		};
		CDED0EE62DEACF9D007318B7 /* Resources */ = {
			isa = PBXResourcesBuildPhase;
			buildActionMask = 2147483647;
			files = (
			);
			runOnlyForDeploymentPostprocessing = 0;
		};
		CDED0EF02DEACF9D007318B7 /* Resources */ = {
			isa = PBXResourcesBuildPhase;
			buildActionMask = 2147483647;
			files = (
			);
			runOnlyForDeploymentPostprocessing = 0;
		};
/* End PBXResourcesBuildPhase section */

/* Begin PBXSourcesBuildPhase section */
		CDED0ECF2DEACF9A007318B7 /* Sources */ = {
			isa = PBXSourcesBuildPhase;
			buildActionMask = 2147483647;
			files = (
			);
			runOnlyForDeploymentPostprocessing = 0;
		};
		CDED0EE42DEACF9D007318B7 /* Sources */ = {
			isa = PBXSourcesBuildPhase;
			buildActionMask = 2147483647;
			files = (
			);
			runOnlyForDeploymentPostprocessing = 0;
		};
		CDED0EEE2DEACF9D007318B7 /* Sources */ = {
			isa = PBXSourcesBuildPhase;
			buildActionMask = 2147483647;
			files = (
			);
			runOnlyForDeploymentPostprocessing = 0;
		};
/* End PBXSourcesBuildPhase section */

/* Begin PBXTargetDependency section */
		CDED0EEA2DEACF9D007318B7 /* PBXTargetDependency */ = {
			isa = PBXTargetDependency;
			target = CDED0ED22DEACF9A007318B7 /* LegacyARTour */;
			targetProxy = CDED0EE92DEACF9D007318B7 /* PBXContainerItemProxy */;
		};
		CDED0EF42DEACF9D007318B7 /* PBXTargetDependency */ = {
			isa = PBXTargetDependency;
			target = CDED0ED22DEACF9A007318B7 /* LegacyARTour */;
			targetProxy = CDED0EF32DEACF9D007318B7 /* PBXContainerItemProxy */;
		};
/* End PBXTargetDependency section */

/* Begin XCBuildConfiguration section */
		CDED0EFA2DEACF9D007318B7 /* Debug */ = {
			isa = XCBuildConfiguration;
			buildSettings = {
				ALWAYS_SEARCH_USER_PATHS = NO;
				ASSETCATALOG_COMPILER_GENERATE_SWIFT_ASSET_SYMBOL_EXTENSIONS = YES;
				CLANG_ANALYZER_NONNULL = YES;
				CLANG_ANALYZER_NUMBER_OBJECT_CONVERSION = YES_AGGRESSIVE;
				CLANG_CXX_LANGUAGE_STANDARD = "gnu++20";
				CLANG_ENABLE_MODULES = YES;
				CLANG_ENABLE_OBJC_ARC = YES;
				CLANG_ENABLE_OBJC_WEAK = YES;
				CLANG_WARN_BLOCK_CAPTURE_AUTORELEASING = YES;
				CLANG_WARN_BOOL_CONVERSION = YES;
				CLANG_WARN_COMMA = YES;
				CLANG_WARN_CONSTANT_CONVERSION = YES;
				CLANG_WARN_DEPRECATED_OBJC_IMPLEMENTATIONS = YES;
				CLANG_WARN_DIRECT_OBJC_ISA_USAGE = YES_ERROR;
				CLANG_WARN_DOCUMENTATION_COMMENTS = YES;
				CLANG_WARN_EMPTY_BODY = YES;
				CLANG_WARN_ENUM_CONVERSION = YES;
				CLANG_WARN_INFINITE_RECURSION = YES;
				CLANG_WARN_INT_CONVERSION = YES;
				CLANG_WARN_NON_LITERAL_NULL_CONVERSION = YES;
				CLANG_WARN_OBJC_IMPLICIT_RETAIN_SELF = YES;
				CLANG_WARN_OBJC_LITERAL_CONVERSION = YES;
				CLANG_WARN_OBJC_ROOT_CLASS = YES_ERROR;
				CLANG_WARN_QUOTED_INCLUDE_IN_FRAMEWORK_HEADER = YES;
				CLANG_WARN_RANGE_LOOP_ANALYSIS = YES;
				CLANG_WARN_STRICT_PROTOTYPES = YES;
				CLANG_WARN_SUSPICIOUS_MOVE = YES;
				CLANG_WARN_UNGUARDED_AVAILABILITY = YES_AGGRESSIVE;
				CLANG_WARN_UNREACHABLE_CODE = YES;
				CLANG_WARN__DUPLICATE_METHOD_MATCH = YES;
				COPY_PHASE_STRIP = NO;
				DEBUG_INFORMATION_FORMAT = dwarf;
				ENABLE_STRICT_OBJC_MSGSEND = YES;
				ENABLE_TESTABILITY = YES;
				ENABLE_USER_SCRIPT_SANDBOXING = YES;
				GCC_C_LANGUAGE_STANDARD = gnu17;
				GCC_DYNAMIC_NO_PIC = NO;
				GCC_NO_COMMON_BLOCKS = YES;
				GCC_OPTIMIZATION_LEVEL = 0;
				GCC_PREPROCESSOR_DEFINITIONS = (
					"DEBUG=1",
					"$(inherited)",
				);
				GCC_WARN_64_TO_32_BIT_CONVERSION = YES;
				GCC_WARN_ABOUT_RETURN_TYPE = YES_ERROR;
				GCC_WARN_UNDECLARED_SELECTOR = YES;
				GCC_WARN_UNINITIALIZED_AUTOS = YES_AGGRESSIVE;
				GCC_WARN_UNUSED_FUNCTION = YES;
				GCC_WARN_UNUSED_VARIABLE = YES;
				IPHONEOS_DEPLOYMENT_TARGET = 18.1;
				LOCALIZATION_PREFERS_STRING_CATALOGS = YES;
				MTL_ENABLE_DEBUG_INFO = INCLUDE_SOURCE;
				MTL_FAST_MATH = YES;
				ONLY_ACTIVE_ARCH = YES;
				SDKROOT = iphoneos;
				SWIFT_ACTIVE_COMPILATION_CONDITIONS = "DEBUG $(inherited)";
				SWIFT_OPTIMIZATION_LEVEL = "-Onone";
			};
			name = Debug;
		};
		CDED0EFB2DEACF9D007318B7 /* Release */ = {
			isa = XCBuildConfiguration;
			buildSettings = {
				ALWAYS_SEARCH_USER_PATHS = NO;
				ASSETCATALOG_COMPILER_GENERATE_SWIFT_ASSET_SYMBOL_EXTENSIONS = YES;
				CLANG_ANALYZER_NONNULL = YES;
				CLANG_ANALYZER_NUMBER_OBJECT_CONVERSION = YES_AGGRESSIVE;
				CLANG_CXX_LANGUAGE_STANDARD = "gnu++20";
				CLANG_ENABLE_MODULES = YES;
				CLANG_ENABLE_OBJC_ARC = YES;
				CLANG_ENABLE_OBJC_WEAK = YES;
				CLANG_WARN_BLOCK_CAPTURE_AUTORELEASING = YES;
				CLANG_WARN_BOOL_CONVERSION = YES;
				CLANG_WARN_COMMA = YES;
				CLANG_WARN_CONSTANT_CONVERSION = YES;
				CLANG_WARN_DEPRECATED_OBJC_IMPLEMENTATIONS = YES;
				CLANG_WARN_DIRECT_OBJC_ISA_USAGE = YES_ERROR;
				CLANG_WARN_DOCUMENTATION_COMMENTS = YES;
				CLANG_WARN_EMPTY_BODY = YES;
				CLANG_WARN_ENUM_CONVERSION = YES;
				CLANG_WARN_INFINITE_RECURSION = YES;
				CLANG_WARN_INT_CONVERSION = YES;
				CLANG_WARN_NON_LITERAL_NULL_CONVERSION = YES;
				CLANG_WARN_OBJC_IMPLICIT_RETAIN_SELF = YES;
				CLANG_WARN_OBJC_LITERAL_CONVERSION = YES;
				CLANG_WARN_OBJC_ROOT_CLASS = YES_ERROR;
				CLANG_WARN_QUOTED_INCLUDE_IN_FRAMEWORK_HEADER = YES;
				CLANG_WARN_RANGE_LOOP_ANALYSIS = YES;
				CLANG_WARN_STRICT_PROTOTYPES = YES;
				CLANG_WARN_SUSPICIOUS_MOVE = YES;
				CLANG_WARN_UNGUARDED_AVAILABILITY = YES_AGGRESSIVE;
				CLANG_WARN_UNREACHABLE_CODE = YES;
				CLANG_WARN__DUPLICATE_METHOD_MATCH = YES;
				COPY_PHASE_STRIP = NO;
				DEBUG_INFORMATION_FORMAT = "dwarf-with-dsym";
				ENABLE_NS_ASSERTIONS = NO;
				ENABLE_STRICT_OBJC_MSGSEND = YES;
				ENABLE_USER_SCRIPT_SANDBOXING = YES;
				GCC_C_LANGUAGE_STANDARD = gnu17;
				GCC_NO_COMMON_BLOCKS = YES;
				GCC_WARN_64_TO_32_BIT_CONVERSION = YES;
				GCC_WARN_ABOUT_RETURN_TYPE = YES_ERROR;
				GCC_WARN_UNDECLARED_SELECTOR = YES;
				GCC_WARN_UNINITIALIZED_AUTOS = YES_AGGRESSIVE;
				GCC_WARN_UNUSED_FUNCTION = YES;
				GCC_WARN_UNUSED_VARIABLE = YES;
				IPHONEOS_DEPLOYMENT_TARGET = 18.1;
				LOCALIZATION_PREFERS_STRING_CATALOGS = YES;
				MTL_ENABLE_DEBUG_INFO = NO;
				MTL_FAST_MATH = YES;
				SDKROOT = iphoneos;
				SWIFT_COMPILATION_MODE = wholemodule;
				VALIDATE_PRODUCT = YES;
			};
			name = Release;
		};
		CDED0EFD2DEACF9D007318B7 /* Debug */ = {
			isa = XCBuildConfiguration;
			buildSettings = {
				ASSETCATALOG_COMPILER_APPICON_NAME = AppIcon;
				ASSETCATALOG_COMPILER_GLOBAL_ACCENT_COLOR_NAME = AccentColor;
				CODE_SIGN_STYLE = Automatic;
				CURRENT_PROJECT_VERSION = 1;
				DEVELOPMENT_TEAM = 36VD4873YY;
				GENERATE_INFOPLIST_FILE = YES;
				INFOPLIST_KEY_NSCameraUsageDescription = "";
				INFOPLIST_KEY_UIApplicationSupportsIndirectInputEvents = YES;
				INFOPLIST_KEY_UILaunchStoryboardName = LaunchScreen;
				INFOPLIST_KEY_UIMainStoryboardFile = Main;
				INFOPLIST_KEY_UIRequiredDeviceCapabilities = arkit;
				INFOPLIST_KEY_UIStatusBarHidden = YES;
				INFOPLIST_KEY_UISupportedInterfaceOrientations_iPad = "UIInterfaceOrientationPortrait UIInterfaceOrientationPortraitUpsideDown UIInterfaceOrientationLandscapeLeft UIInterfaceOrientationLandscapeRight";
				INFOPLIST_KEY_UISupportedInterfaceOrientations_iPhone = "UIInterfaceOrientationPortrait UIInterfaceOrientationLandscapeLeft UIInterfaceOrientationLandscapeRight";
				LD_RUNPATH_SEARCH_PATHS = (
					"$(inherited)",
					"@executable_path/Frameworks",
				);
				MARKETING_VERSION = 1.0;
				PRODUCT_BUNDLE_IDENTIFIER = com.DagmawiMulualem.LegacyARTour;
				PRODUCT_NAME = "$(TARGET_NAME)";
				SWIFT_EMIT_LOC_STRINGS = YES;
				SWIFT_VERSION = 5.0;
				TARGETED_DEVICE_FAMILY = "1,2";
			};
			name = Debug;
		};
		CDED0EFE2DEACF9D007318B7 /* Release */ = {
			isa = XCBuildConfiguration;
			buildSettings = {
				ASSETCATALOG_COMPILER_APPICON_NAME = AppIcon;
				ASSETCATALOG_COMPILER_GLOBAL_ACCENT_COLOR_NAME = AccentColor;
				CODE_SIGN_STYLE = Automatic;
				CURRENT_PROJECT_VERSION = 1;
				DEVELOPMENT_TEAM = 36VD4873YY;
				GENERATE_INFOPLIST_FILE = YES;
				INFOPLIST_KEY_NSCameraUsageDescription = "";
				INFOPLIST_KEY_UIApplicationSupportsIndirectInputEvents = YES;
				INFOPLIST_KEY_UILaunchStoryboardName = LaunchScreen;
				INFOPLIST_KEY_UIMainStoryboardFile = Main;
				INFOPLIST_KEY_UIRequiredDeviceCapabilities = arkit;
				INFOPLIST_KEY_UIStatusBarHidden = YES;
				INFOPLIST_KEY_UISupportedInterfaceOrientations_iPad = "UIInterfaceOrientationPortrait UIInterfaceOrientationPortraitUpsideDown UIInterfaceOrientationLandscapeLeft UIInterfaceOrientationLandscapeRight";
				INFOPLIST_KEY_UISupportedInterfaceOrientations_iPhone = "UIInterfaceOrientationPortrait UIInterfaceOrientationLandscapeLeft UIInterfaceOrientationLandscapeRight";
				LD_RUNPATH_SEARCH_PATHS = (
					"$(inherited)",
					"@executable_path/Frameworks",
				);
				MARKETING_VERSION = 1.0;
				PRODUCT_BUNDLE_IDENTIFIER = com.DagmawiMulualem.LegacyARTour;
				PRODUCT_NAME = "$(TARGET_NAME)";
				SWIFT_EMIT_LOC_STRINGS = YES;
				SWIFT_VERSION = 5.0;
				TARGETED_DEVICE_FAMILY = "1,2";
			};
			name = Release;
		};
		CDED0F002DEACF9D007318B7 /* Debug */ = {
			isa = XCBuildConfiguration;
			buildSettings = {
				BUNDLE_LOADER = "$(TEST_HOST)";
				CODE_SIGN_STYLE = Automatic;
				CURRENT_PROJECT_VERSION = 1;
				DEVELOPMENT_TEAM = 36VD4873YY;
				GENERATE_INFOPLIST_FILE = YES;
				IPHONEOS_DEPLOYMENT_TARGET = 18.1;
				MARKETING_VERSION = 1.0;
				PRODUCT_BUNDLE_IDENTIFIER = com.DagmawiMulualem.LegacyARTourTests;
				PRODUCT_NAME = "$(TARGET_NAME)";
				SWIFT_EMIT_LOC_STRINGS = NO;
				SWIFT_VERSION = 5.0;
				TARGETED_DEVICE_FAMILY = "1,2";
				TEST_HOST = "$(BUILT_PRODUCTS_DIR)/LegacyARTour.app/$(BUNDLE_EXECUTABLE_FOLDER_PATH)/LegacyARTour";
			};
			name = Debug;
		};
		CDED0F012DEACF9D007318B7 /* Release */ = {
			isa = XCBuildConfiguration;
			buildSettings = {
				BUNDLE_LOADER = "$(TEST_HOST)";
				CODE_SIGN_STYLE = Automatic;
				CURRENT_PROJECT_VERSION = 1;
				DEVELOPMENT_TEAM = 36VD4873YY;
				GENERATE_INFOPLIST_FILE = YES;
				IPHONEOS_DEPLOYMENT_TARGET = 18.1;
				MARKETING_VERSION = 1.0;
				PRODUCT_BUNDLE_IDENTIFIER = com.DagmawiMulualem.LegacyARTourTests;
				PRODUCT_NAME = "$(TARGET_NAME)";
				SWIFT_EMIT_LOC_STRINGS = NO;
				SWIFT_VERSION = 5.0;
				TARGETED_DEVICE_FAMILY = "1,2";
				TEST_HOST = "$(BUILT_PRODUCTS_DIR)/LegacyARTour.app/$(BUNDLE_EXECUTABLE_FOLDER_PATH)/LegacyARTour";
			};
			name = Release;
		};
		CDED0F032DEACF9D007318B7 /* Debug */ = {
			isa = XCBuildConfiguration;
			buildSettings = {
				CODE_SIGN_STYLE = Automatic;
				CURRENT_PROJECT_VERSION = 1;
				DEVELOPMENT_TEAM = 36VD4873YY;
				GENERATE_INFOPLIST_FILE = YES;
				MARKETING_VERSION = 1.0;
				PRODUCT_BUNDLE_IDENTIFIER = com.DagmawiMulualem.LegacyARTourUITests;
				PRODUCT_NAME = "$(TARGET_NAME)";
				SWIFT_EMIT_LOC_STRINGS = NO;
				SWIFT_VERSION = 5.0;
				TARGETED_DEVICE_FAMILY = "1,2";
				TEST_TARGET_NAME = LegacyARTour;
			};
			name = Debug;
		};
		CDED0F042DEACF9D007318B7 /* Release */ = {
			isa = XCBuildConfiguration;
			buildSettings = {
				CODE_SIGN_STYLE = Automatic;
				CURRENT_PROJECT_VERSION = 1;
				DEVELOPMENT_TEAM = 36VD4873YY;
				GENERATE_INFOPLIST_FILE = YES;
				MARKETING_VERSION = 1.0;
				PRODUCT_BUNDLE_IDENTIFIER = com.DagmawiMulualem.LegacyARTourUITests;
				PRODUCT_NAME = "$(TARGET_NAME)";
				SWIFT_EMIT_LOC_STRINGS = NO;
				SWIFT_VERSION = 5.0;
				TARGETED_DEVICE_FAMILY = "1,2";
				TEST_TARGET_NAME = LegacyARTour;
			};
			name = Release;
		};
/* End XCBuildConfiguration section */

/* Begin XCConfigurationList section */
		CDED0ECE2DEACF9A007318B7 /* Build configuration list for PBXProject "LegacyARTour" */ = {
			isa = XCConfigurationList;
			buildConfigurations = (
				CDED0EFA2DEACF9D007318B7 /* Debug */,
				CDED0EFB2DEACF9D007318B7 /* Release */,
			);
			defaultConfigurationIsVisible = 0;
			defaultConfigurationName = Release;
		};
		CDED0EFC2DEACF9D007318B7 /* Build configuration list for PBXNativeTarget "LegacyARTour" */ = {
			isa = XCConfigurationList;
			buildConfigurations = (
				CDED0EFD2DEACF9D007318B7 /* Debug */,
				CDED0EFE2DEACF9D007318B7 /* Release */,
			);
			defaultConfigurationIsVisible = 0;
			defaultConfigurationName = Release;
		};
		CDED0EFF2DEACF9D007318B7 /* Build configuration list for PBXNativeTarget "LegacyARTourTests" */ = {
			isa = XCConfigurationList;
			buildConfigurations = (
				CDED0F002DEACF9D007318B7 /* Debug */,
				CDED0F012DEACF9D007318B7 /* Release */,
			);
			defaultConfigurationIsVisible = 0;
			defaultConfigurationName = Release;
		};
		CDED0F022DEACF9D007318B7 /* Build configuration list for PBXNativeTarget "LegacyARTourUITests" */ = {
			isa = XCConfigurationList;
			buildConfigurations = (
				CDED0F032DEACF9D007318B7 /* Debug */,
				CDED0F042DEACF9D007318B7 /* Release */,
			);
			defaultConfigurationIsVisible = 0;
			defaultConfigurationName = Release;
		};
/* End XCConfigurationList section */
	};
	rootObject = CDED0ECB2DEACF9A007318B7 /* Project object */;
}
